// !$*UTF8*$!
{
	archiveVersion = 1;
	classes = {
	};
	objectVersion = 50;
	objects = {

/* Begin PBXBuildFile section */
		C244F15927E456EB00F1E140 /* Caps_UnlockedApp.swift in Sources */ = {isa = PBXBuildFile; fileRef = C244F15827E456EB00F1E140 /* Caps_UnlockedApp.swift */; };
		C244F15D27E456F500F1E140 /* Assets.xcassets in Resources */ = {isa = PBXBuildFile; fileRef = C244F15C27E456F500F1E140 /* Assets.xcassets */; };
		C244F16027E456F500F1E140 /* Preview Assets.xcassets in Resources */ = {isa = PBXBuildFile; fileRef = C244F15F27E456F500F1E140 /* Preview Assets.xcassets */; };
		C244F16927E45B3900F1E140 /* AppDelegate.swift in Sources */ = {isa = PBXBuildFile; fileRef = C244F16827E45B3900F1E140 /* AppDelegate.swift */; };
		C244F16F27E4691E00F1E140 /* PopupView.swift in Sources */ = {isa = PBXBuildFile; fileRef = C244F16E27E4691E00F1E140 /* PopupView.swift */; };
/* End PBXBuildFile section */

/* Begin PBXFileReference section */
		C244F15527E456EB00F1E140 /* Caps Unlocked.app */ = {isa = PBXFileReference; explicitFileType = wrapper.application; includeInIndex = 0; path = "Caps Unlocked.app"; sourceTree = BUILT_PRODUCTS_DIR; };
		C244F15827E456EB00F1E140 /* Caps_UnlockedApp.swift */ = {isa = PBXFileReference; lastKnownFileType = sourcecode.swift; path = Caps_UnlockedApp.swift; sourceTree = "<group>"; };
		C244F15C27E456F500F1E140 /* Assets.xcassets */ = {isa = PBXFileReference; lastKnownFileType = folder.assetcatalog; path = Assets.xcassets; sourceTree = "<group>"; };
		C244F15F27E456F500F1E140 /* Preview Assets.xcassets */ = {isa = PBXFileReference; lastKnownFileType = folder.assetcatalog; path = "Preview Assets.xcassets"; sourceTree = "<group>"; };
		C244F16127E456F500F1E140 /* Info.plist */ = {isa = PBXFileReference; lastKnownFileType = text.plist.xml; path = Info.plist; sourceTree = "<group>"; };
		C244F16227E456F500F1E140 /* Caps_Unlocked.entitlements */ = {isa = PBXFileReference; lastKnownFileType = text.plist.entitlements; path = Caps_Unlocked.entitlements; sourceTree = "<group>"; };
		C244F16827E45B3900F1E140 /* AppDelegate.swift */ = {isa = PBXFileReference; lastKnownFileType = sourcecode.swift; path = AppDelegate.swift; sourceTree = "<group>"; };
		C244F16E27E4691E00F1E140 /* PopupView.swift */ = {isa = PBXFileReference; lastKnownFileType = sourcecode.swift; path = PopupView.swift; sourceTree = "<group>"; };
/* End PBXFileReference section */

/* Begin PBXFrameworksBuildPhase section */
		C244F15227E456EB00F1E140 /* Frameworks */ = {
			isa = PBXFrameworksBuildPhase;
			buildActionMask = 2147483647;
			files = (
			);
			runOnlyForDeploymentPostprocessing = 0;
		};
/* End PBXFrameworksBuildPhase section */

/* Begin PBXGroup section */
		C244F14C27E456EB00F1E140 = {
			isa = PBXGroup;
			children = (
				C244F15727E456EB00F1E140 /* Caps Unlocked */,
				C244F15627E456EB00F1E140 /* Products */,
			);
			sourceTree = "<group>";
		};
		C244F15627E456EB00F1E140 /* Products */ = {
			isa = PBXGroup;
			children = (
				C244F15527E456EB00F1E140 /* Caps Unlocked.app */,
			);
			name = Products;
			sourceTree = "<group>";
		};
		C244F15727E456EB00F1E140 /* Caps Unlocked */ = {
			isa = PBXGroup;
			children = (
				C244F15827E456EB00F1E140 /* Caps_UnlockedApp.swift */,
				C244F15C27E456F500F1E140 /* Assets.xcassets */,
				C244F16127E456F500F1E140 /* Info.plist */,
				C244F16227E456F500F1E140 /* Caps_Unlocked.entitlements */,
				C244F15E27E456F500F1E140 /* Preview Content */,
				C244F16827E45B3900F1E140 /* AppDelegate.swift */,
				C244F16E27E4691E00F1E140 /* PopupView.swift */,
			);
			path = "Caps Unlocked";
			sourceTree = "<group>";
		};
		C244F15E27E456F500F1E140 /* Preview Content */ = {
			isa = PBXGroup;
			children = (
				C244F15F27E456F500F1E140 /* Preview Assets.xcassets */,
			);
			path = "Preview Content";
			sourceTree = "<group>";
		};
/* End PBXGroup section */

/* Begin PBXNativeTarget section */
		C244F15427E456EB00F1E140 /* Caps Unlocked */ = {
			isa = PBXNativeTarget;
			buildConfigurationList = C244F16527E456F500F1E140 /* Build configuration list for PBXNativeTarget "Caps Unlocked" */;
			buildPhases = (
				C244F15127E456EB00F1E140 /* Sources */,
				C244F15227E456EB00F1E140 /* Frameworks */,
				C244F15327E456EB00F1E140 /* Resources */,
			);
			buildRules = (
			);
			dependencies = (
			);
			name = "Caps Unlocked";
			productName = "Caps Unlocked";
			productReference = C244F15527E456EB00F1E140 /* Caps Unlocked.app */;
			productType = "com.apple.product-type.application";
		};
/* End PBXNativeTarget section */

/* Begin PBXProject section */
		C244F14D27E456EB00F1E140 /* Project object */ = {
			isa = PBXProject;
			attributes = {
				LastSwiftUpdateCheck = 1250;
				LastUpgradeCheck = 1250;
				TargetAttributes = {
					C244F15427E456EB00F1E140 = {
						CreatedOnToolsVersion = 12.5;
					};
				};
			};
			buildConfigurationList = C244F15027E456EB00F1E140 /* Build configuration list for PBXProject "Caps Unlocked" */;
			compatibilityVersion = "Xcode 9.3";
			developmentRegion = en;
			hasScannedForEncodings = 0;
			knownRegions = (
				en,
				Base,
			);
			mainGroup = C244F14C27E456EB00F1E140;
			productRefGroup = C244F15627E456EB00F1E140 /* Products */;
			projectDirPath = "";
			projectRoot = "";
			targets = (
				C244F15427E456EB00F1E140 /* Caps Unlocked */,
			);
		};
/* End PBXProject section */

/* Begin PBXResourcesBuildPhase section */
		C244F15327E456EB00F1E140 /* Resources */ = {
			isa = PBXResourcesBuildPhase;
			buildActionMask = 2147483647;
			files = (
				C244F16027E456F500F1E140 /* Preview Assets.xcassets in Resources */,
				C244F15D27E456F500F1E140 /* Assets.xcassets in Resources */,
			);
			runOnlyForDeploymentPostprocessing = 0;
		};
/* End PBXResourcesBuildPhase section */

/* Begin PBXSourcesBuildPhase section */
		C244F15127E456EB00F1E140 /* Sources */ = {
			isa = PBXSourcesBuildPhase;
			buildActionMask = 2147483647;
			files = (
				C244F16F27E4691E00F1E140 /* PopupView.swift in Sources */,
				C244F16927E45B3900F1E140 /* AppDelegate.swift in Sources */,
				C244F15927E456EB00F1E140 /* Caps_UnlockedApp.swift in Sources */,
			);
			runOnlyForDeploymentPostprocessing = 0;
		};
/* End PBXSourcesBuildPhase section */

/* Begin XCBuildConfiguration section */
		C244F16327E456F500F1E140 /* Debug */ = {
			isa = XCBuildConfiguration;
			buildSettings = {
				ALWAYS_SEARCH_USER_PATHS = NO;
				CLANG_ANALYZER_NONNULL = YES;
				CLANG_ANALYZER_NUMBER_OBJECT_CONVERSION = YES_AGGRESSIVE;
				CLANG_CXX_LANGUAGE_STANDARD = "gnu++14";
				CLANG_CXX_LIBRARY = "libc++";
				CLANG_ENABLE_MODULES = YES;
				CLANG_ENABLE_OBJC_ARC = YES;
				CLANG_ENABLE_OBJC_WEAK = YES;
				CLANG_WARN_BLOCK_CAPTURE_AUTORELEASING = YES;
				CLANG_WARN_BOOL_CONVERSION = YES;
				CLANG_WARN_COMMA = YES;
				CLANG_WARN_CONSTANT_CONVERSION = YES;
				CLANG_WARN_DEPRECATED_OBJC_IMPLEMENTATIONS = YES;
				CLANG_WARN_DIRECT_OBJC_ISA_USAGE = YES_ERROR;
				CLANG_WARN_DOCUMENTATION_COMMENTS = YES;
				CLANG_WARN_EMPTY_BODY = YES;
				CLANG_WARN_ENUM_CONVERSION = YES;
				CLANG_WARN_INFINITE_RECURSION = YES;
				CLANG_WARN_INT_CONVERSION = YES;
				CLANG_WARN_NON_LITERAL_NULL_CONVERSION = YES;
				CLANG_WARN_OBJC_IMPLICIT_RETAIN_SELF = YES;
				CLANG_WARN_OBJC_LITERAL_CONVERSION = YES;
				CLANG_WARN_OBJC_ROOT_CLASS = YES_ERROR;
				CLANG_WARN_QUOTED_INCLUDE_IN_FRAMEWORK_HEADER = YES;
				CLANG_WARN_RANGE_LOOP_ANALYSIS = YES;
				CLANG_WARN_STRICT_PROTOTYPES = YES;
				CLANG_WARN_SUSPICIOUS_MOVE = YES;
				CLANG_WARN_UNGUARDED_AVAILABILITY = YES_AGGRESSIVE;
				CLANG_WARN_UNREACHABLE_CODE = YES;
				CLANG_WARN__DUPLICATE_METHOD_MATCH = YES;
				COPY_PHASE_STRIP = NO;
				DEBUG_INFORMATION_FORMAT = dwarf;
				ENABLE_STRICT_OBJC_MSGSEND = YES;
				ENABLE_TESTABILITY = YES;
				GCC_C_LANGUAGE_STANDARD = gnu11;
				GCC_DYNAMIC_NO_PIC = NO;
				GCC_NO_COMMON_BLOCKS = YES;
				GCC_OPTIMIZATION_LEVEL = 0;
				GCC_PREPROCESSOR_DEFINITIONS = (
					"DEBUG=1",
					"$(inherited)",
				);
				GCC_WARN_64_TO_32_BIT_CONVERSION = YES;
				GCC_WARN_ABOUT_RETURN_TYPE = YES_ERROR;
				GCC_WARN_UNDECLARED_SELECTOR = YES;
				GCC_WARN_UNINITIALIZED_AUTOS = YES_AGGRESSIVE;
				GCC_WARN_UNUSED_FUNCTION = YES;
				GCC_WARN_UNUSED_VARIABLE = YES;
				MACOSX_DEPLOYMENT_TARGET = 11.3;
				MTL_ENABLE_DEBUG_INFO = INCLUDE_SOURCE;
				MTL_FAST_MATH = YES;
				ONLY_ACTIVE_ARCH = YES;
				SDKROOT = macosx;
				SWIFT_ACTIVE_COMPILATION_CONDITIONS = DEBUG;
				SWIFT_OPTIMIZATION_LEVEL = "-Onone";
			};
			name = Debug;
		};
		C244F16427E456F500F1E140 /* Release */ = {
			isa = XCBuildConfiguration;
			buildSettings = {
				ALWAYS_SEARCH_USER_PATHS = NO;
				CLANG_ANALYZER_NONNULL = YES;
				CLANG_ANALYZER_NUMBER_OBJECT_CONVERSION = YES_AGGRESSIVE;
				CLANG_CXX_LANGUAGE_STANDARD = "gnu++14";
				CLANG_CXX_LIBRARY = "libc++";
				CLANG_ENABLE_MODULES = YES;
				CLANG_ENABLE_OBJC_ARC = YES;
				CLANG_ENABLE_OBJC_WEAK = YES;
				CLANG_WARN_BLOCK_CAPTURE_AUTORELEASING = YES;
				CLANG_WARN_BOOL_CONVERSION = YES;
				CLANG_WARN_COMMA = YES;
				CLANG_WARN_CONSTANT_CONVERSION = YES;
				CLANG_WARN_DEPRECATED_OBJC_IMPLEMENTATIONS = YES;
				CLANG_WARN_DIRECT_OBJC_ISA_USAGE = YES_ERROR;
				CLANG_WARN_DOCUMENTATION_COMMENTS = YES;
				CLANG_WARN_EMPTY_BODY = YES;
				CLANG_WARN_ENUM_CONVERSION = YES;
				CLANG_WARN_INFINITE_RECURSION = YES;
				CLANG_WARN_INT_CONVERSION = YES;
				CLANG_WARN_NON_LITERAL_NULL_CONVERSION = YES;
				CLANG_WARN_OBJC_IMPLICIT_RETAIN_SELF = YES;
				CLANG_WARN_OBJC_LITERAL_CONVERSION = YES;
				CLANG_WARN_OBJC_ROOT_CLASS = YES_ERROR;
				CLANG_WARN_QUOTED_INCLUDE_IN_FRAMEWORK_HEADER = YES;
				CLANG_WARN_RANGE_LOOP_ANALYSIS = YES;
				CLANG_WARN_STRICT_PROTOTYPES = YES;
				CLANG_WARN_SUSPICIOUS_MOVE = YES;
				CLANG_WARN_UNGUARDED_AVAILABILITY = YES_AGGRESSIVE;
				CLANG_WARN_UNREACHABLE_CODE = YES;
				CLANG_WARN__DUPLICATE_METHOD_MATCH = YES;
				COPY_PHASE_STRIP = NO;
				DEBUG_INFORMATION_FORMAT = "dwarf-with-dsym";
				ENABLE_NS_ASSERTIONS = NO;
				ENABLE_STRICT_OBJC_MSGSEND = YES;
				GCC_C_LANGUAGE_STANDARD = gnu11;
				GCC_NO_COMMON_BLOCKS = YES;
				GCC_WARN_64_TO_32_BIT_CONVERSION = YES;
				GCC_WARN_ABOUT_RETURN_TYPE = YES_ERROR;
				GCC_WARN_UNDECLARED_SELECTOR = YES;
				GCC_WARN_UNINITIALIZED_AUTOS = YES_AGGRESSIVE;
				GCC_WARN_UNUSED_FUNCTION = YES;
				GCC_WARN_UNUSED_VARIABLE = YES;
				MACOSX_DEPLOYMENT_TARGET = 11.3;
				MTL_ENABLE_DEBUG_INFO = NO;
				MTL_FAST_MATH = YES;
				SDKROOT = macosx;
				SWIFT_COMPILATION_MODE = wholemodule;
				SWIFT_OPTIMIZATION_LEVEL = "-O";
			};
			name = Release;
		};
		C244F16627E456F500F1E140 /* Debug */ = {
			isa = XCBuildConfiguration;
			buildSettings = {
				ASSETCATALOG_COMPILER_APPICON_NAME = AppIcon;
				ASSETCATALOG_COMPILER_GLOBAL_ACCENT_COLOR_NAME = AccentColor;
				CODE_SIGN_ENTITLEMENTS = "Caps Unlocked/Caps_Unlocked.entitlements";
				CODE_SIGN_STYLE = Automatic;
				COMBINE_HIDPI_IMAGES = YES;
				DEVELOPMENT_ASSET_PATHS = "\"Caps Unlocked/Preview Content\"";
				ENABLE_PREVIEWS = YES;
				INFOPLIST_FILE = "Caps Unlocked/Info.plist";
				LD_RUNPATH_SEARCH_PATHS = (
					"$(inherited)",
					"@executable_path/../Frameworks",
				);
				MACOSX_DEPLOYMENT_TARGET = 11.0;
				PRODUCT_BUNDLE_IDENTIFIER = "com.virejdasani.Caps-Unlocked";
				PRODUCT_NAME = "$(TARGET_NAME)";
				SWIFT_VERSION = 5.0;
			};
			name = Debug;
		};
		C244F16727E456F500F1E140 /* Release */ = {
			isa = XCBuildConfiguration;
			buildSettings = {
				ASSETCATALOG_COMPILER_APPICON_NAME = AppIcon;
				ASSETCATALOG_COMPILER_GLOBAL_ACCENT_COLOR_NAME = AccentColor;
				CODE_SIGN_ENTITLEMENTS = "Caps Unlocked/Caps_Unlocked.entitlements";
				CODE_SIGN_STYLE = Automatic;
				COMBINE_HIDPI_IMAGES = YES;
				DEVELOPMENT_ASSET_PATHS = "\"Caps Unlocked/Preview Content\"";
				ENABLE_PREVIEWS = YES;
				INFOPLIST_FILE = "Caps Unlocked/Info.plist";
				LD_RUNPATH_SEARCH_PATHS = (
					"$(inherited)",
					"@executable_path/../Frameworks",
				);
				MACOSX_DEPLOYMENT_TARGET = 11.0;
				PRODUCT_BUNDLE_IDENTIFIER = "com.virejdasani.Caps-Unlocked";
				PRODUCT_NAME = "$(TARGET_NAME)";
				SWIFT_VERSION = 5.0;
			};
			name = Release;
		};
/* End XCBuildConfiguration section */

/* Begin XCConfigurationList section */
		C244F15027E456EB00F1E140 /* Build configuration list for PBXProject "Caps Unlocked" */ = {
			isa = XCConfigurationList;
			buildConfigurations = (
				C244F16327E456F500F1E140 /* Debug */,
				C244F16427E456F500F1E140 /* Release */,
			);
			defaultConfigurationIsVisible = 0;
			defaultConfigurationName = Release;
		};
		C244F16527E456F500F1E140 /* Build configuration list for PBXNativeTarget "Caps Unlocked" */ = {
			isa = XCConfigurationList;
			buildConfigurations = (
				C244F16627E456F500F1E140 /* Debug */,
				C244F16727E456F500F1E140 /* Release */,
			);
			defaultConfigurationIsVisible = 0;
			defaultConfigurationName = Release;
		};
/* End XCConfigurationList section */
	};
	rootObject = C244F14D27E456EB00F1E140 /* Project object */;
}
